
Microsoft Visual Studio Solution File, Format Version 12.00
# Visual Studio Version 17
VisualStudioVersion = 17.11.35327.3
MinimumVisualStudioVersion = 10.0.40219.1
Project("{9A19103F-16F7-4668-BE54-9A1E7A4F7556}") = "AvaloniaApplication2", "AvaloniaApplication2\AvaloniaApplication2.csproj", "{CF1640B4-E8DC-421C-9FC1-C0636B799C1E}"
EndProject
Project("{9A19103F-16F7-4668-BE54-9A1E7A4F7556}") = "AvaloniaApplication2.Android", "AvaloniaApplication2.Android\AvaloniaApplication2.Android.csproj", "{DC935AC2-23F5-46A9-AA6E-A320ADA9CB79}"
EndProject
Project("{9A19103F-16F7-4668-BE54-9A1E7A4F7556}") = "AvaloniaApplication2.Desktop", "AvaloniaApplication2.Desktop\AvaloniaApplication2.Desktop.csproj", "{730FB020-B8C5-4018-960F-C419877CD6A4}"
EndProject
Global
	GlobalSection(SolutionConfigurationPlatforms) = preSolution
		Debug|Any CPU = Debug|Any CPU
		Release|Any CPU = Release|Any CPU
	EndGlobalSection
	GlobalSection(ProjectConfigurationPlatforms) = postSolution
		{CF1640B4-E8DC-421C-9FC1-C0636B799C1E}.Debug|Any CPU.ActiveCfg = Debug|Any CPU
		{CF1640B4-E8DC-421C-9FC1-C0636B799C1E}.Debug|Any CPU.Build.0 = Debug|Any CPU
		{CF1640B4-E8DC-421C-9FC1-C0636B799C1E}.Release|Any CPU.ActiveCfg = Release|Any CPU
		{CF1640B4-E8DC-421C-9FC1-C0636B799C1E}.Release|Any CPU.Build.0 = Release|Any CPU
		{DC935AC2-23F5-46A9-AA6E-A320ADA9CB79}.Debug|Any CPU.ActiveCfg = Debug|Any CPU
		{DC935AC2-23F5-46A9-AA6E-A320ADA9CB79}.Debug|Any CPU.Build.0 = Debug|Any CPU
		{DC935AC2-23F5-46A9-AA6E-A320ADA9CB79}.Debug|Any CPU.Deploy.0 = Debug|Any CPU
		{DC935AC2-23F5-46A9-AA6E-A320ADA9CB79}.Release|Any CPU.ActiveCfg = Release|Any CPU
		{DC935AC2-23F5-46A9-AA6E-A320ADA9CB79}.Release|Any CPU.Build.0 = Release|Any CPU
		{DC935AC2-23F5-46A9-AA6E-A320ADA9CB79}.Release|Any CPU.Deploy.0 = Release|Any CPU
		{730FB020-B8C5-4018-960F-C419877CD6A4}.Debug|Any CPU.ActiveCfg = Debug|Any CPU
		{730FB020-B8C5-4018-960F-C419877CD6A4}.Debug|Any CPU.Build.0 = Debug|Any CPU
		{730FB020-B8C5-4018-960F-C419877CD6A4}.Release|Any CPU.ActiveCfg = Release|Any CPU
		{730FB020-B8C5-4018-960F-C419877CD6A4}.Release|Any CPU.Build.0 = Release|Any CPU
	EndGlobalSection
	GlobalSection(SolutionProperties) = preSolution
		HideSolutionNode = FALSE
	EndGlobalSection
	GlobalSection(ExtensibilityGlobals) = postSolution
		SolutionGuid = {09A557AF-2C36-4D2D-96D2-224C9B94FC62}
	EndGlobalSection
EndGlobal
